
Microsoft Visual Studio Solution File, Format Version 12.00
# Visual Studio 15
VisualStudioVersion = 15.0.27130.2024
MinimumVisualStudioVersion = 10.0.40219.1
Project("{8BC9CEB8-8B4A-11D0-8D11-00A0C91BC942}") = "tic tac toe project group", "tic tac toe project group\tic tac toe project group.vcxproj", "{69F83149-7F67-4D54-8CEF-D9B43091A565}"
EndProject
Global
	GlobalSection(SolutionConfigurationPlatforms) = preSolution
		Debug|x64 = Debug|x64
		Debug|x86 = Debug|x86
		Release|x64 = Release|x64
		Release|x86 = Release|x86
	EndGlobalSection
	GlobalSection(ProjectConfigurationPlatforms) = postSolution
		{69F83149-7F67-4D54-8CEF-D9B43091A565}.Debug|x64.ActiveCfg = Debug|x64
		{69F83149-7F67-4D54-8CEF-D9B43091A565}.Debug|x64.Build.0 = Debug|x64
		{69F83149-7F67-4D54-8CEF-D9B43091A565}.Debug|x86.ActiveCfg = Debug|Win32
		{69F83149-7F67-4D54-8CEF-D9B43091A565}.Debug|x86.Build.0 = Debug|Win32
		{69F83149-7F67-4D54-8CEF-D9B43091A565}.Release|x64.ActiveCfg = Release|x64
		{69F83149-7F67-4D54-8CEF-D9B43091A565}.Release|x64.Build.0 = Release|x64
		{69F83149-7F67-4D54-8CEF-D9B43091A565}.Release|x86.ActiveCfg = Release|Win32
		{69F83149-7F67-4D54-8CEF-D9B43091A565}.Release|x86.Build.0 = Release|Win32
	EndGlobalSection
	GlobalSection(SolutionProperties) = preSolution
		HideSolutionNode = FALSE
	EndGlobalSection
	GlobalSection(ExtensibilityGlobals) = postSolution
		SolutionGuid = {2D7227D0-DF45-492C-A4BD-33E33198D6B3}
	EndGlobalSection
EndGlobal
